<Solution>
  <Project Path="ResultR/ResultR.csproj" />
  <Project Path="ResultR.Tests/ResultR.Tests.csproj" />
  <Project Path="ResultR.Benchmarks/ResultR.Benchmarks.csproj" />
  <Project Path="ResultR.Validation/ResultR.Validation.csproj" />
  <Project Path="ResultR.Validation.Tests/ResultR.Validation.Tests.csproj" />
</Solution>
